schema: '2.0'
stages:
  download_raw_data:
    cmd: python src/data/download_raw_data.py
    deps:
    - path: src/data/download_raw_data.py
      hash: md5
      md5: 5c9c2ed558e18f4be52717be34b687b7
      size: 402
    outs:
    - path: data/raw/houses_dataset.csv
      hash: md5
      md5: c669e67d775ed4fe461cbd2e1528b774
      size: 22427
  data_filling:
    cmd: python src/features/data_filling.py data/raw/houses_dataset.csv data/interim/fill_data.csv
    deps:
    - path: data/raw/houses_dataset.csv
      hash: md5
      md5: c669e67d775ed4fe461cbd2e1528b774
      size: 22427
    - path: src/features/data_filling.py
      hash: md5
      md5: b6648ebf332ded2b12818008ce62c594
      size: 1345
    outs:
    - path: data/interim/fill_data.csv
      hash: md5
      md5: ebe7fdb9fd3951f00236ea69a863ee8c
      size: 26368
  make_features:
    cmd: python src/features/make_features.py data/interim/fill_data.csv data/interim/features_data.csv
    deps:
    - path: data/interim/fill_data.csv
      hash: md5
      md5: ebe7fdb9fd3951f00236ea69a863ee8c
      size: 26368
    - path: src/features/make_features.py
      hash: md5
      md5: f29822eef37cb80e50d2dafa3c0f7cfc
      size: 1555
    outs:
    - path: data/interim/features_data.csv
      hash: md5
      md5: c8934bcabdeb54a871736d377dc5cdfd
      size: 17774
  make_dataset:
    cmd: python src/features/make_dataset.py data/interim/features_data.csv data/processed
      85
    deps:
    - path: data/interim/features_data.csv
      hash: md5
      md5: c8934bcabdeb54a871736d377dc5cdfd
      size: 17774
    - path: src/features/make_dataset.py
      hash: md5
      md5: 4f862bc0567e085bf29bee82987025a0
      size: 1108
    outs:
    - path: data/processed/test_houses.csv
      hash: md5
      md5: dd70fc52f605966e1ca254ac86b46bd2
      size: 2871
    - path: data/processed/train_houses.csv
      hash: md5
      md5: d08ff33ddf9ba3a7e9b98307a2c6213f
      size: 15045
