schema: '2.0'
stages:
  download_raw_data:
    cmd: python src/data/download_raw_data.py
    deps:
    - path: src/data/download_raw_data.py
      hash: md5
      md5: 5c9c2ed558e18f4be52717be34b687b7
      size: 402
    outs:
    - path: data/raw/houses_dataset.csv
      hash: md5
      md5: c669e67d775ed4fe461cbd2e1528b774
      size: 22427
  data_filling:
    cmd: python src/features/data_filling.py data/raw/houses_dataset.csv data/interim/fill_data.csv
    deps:
    - path: data/raw/houses_dataset.csv
      hash: md5
      md5: c669e67d775ed4fe461cbd2e1528b774
      size: 22427
    - path: src/features/data_filling.py
      hash: md5
      md5: b6648ebf332ded2b12818008ce62c594
      size: 1345
    outs:
    - path: data/interim/fill_data.csv
      hash: md5
      md5: ebe7fdb9fd3951f00236ea69a863ee8c
      size: 26368
  make_features:
    cmd: python src/features/make_features.py data/interim/fill_data.csv data/interim/features_data.csv
    deps:
    - path: data/interim/fill_data.csv
      hash: md5
      md5: ebe7fdb9fd3951f00236ea69a863ee8c
      size: 26368
    - path: src/features/make_features.py
      hash: md5
      md5: 8c20e70240cf2596535389259f0af229
      size: 1779
    outs:
    - path: data/interim/features_data.csv
      hash: md5
      md5: f2b88596be5907287fc82c2530d4f7be
      size: 15742
  make_dataset:
    cmd: python src/features/make_dataset.py data/interim/features_data.csv data/processed
      85
    deps:
    - path: data/interim/features_data.csv
      hash: md5
      md5: f2b88596be5907287fc82c2530d4f7be
      size: 15742
    - path: src/features/make_dataset.py
      hash: md5
      md5: 4f862bc0567e085bf29bee82987025a0
      size: 1108
    outs:
    - path: data/processed/test_houses.csv
      hash: md5
      md5: b933f8673e11fafd65cdf4a88b242a22
      size: 2538
    - path: data/processed/train_houses.csv
      hash: md5
      md5: 5358968aa60b50cd57f72d08d575a5c9
      size: 13327
  train_model:
    cmd: python src/models/train_model.py
    deps:
    - path: data/processed/test_houses.csv
      hash: md5
      md5: b933f8673e11fafd65cdf4a88b242a22
      size: 2538
    - path: data/processed/train_houses.csv
      hash: md5
      md5: 5358968aa60b50cd57f72d08d575a5c9
      size: 13327
    - path: src/models/train_model.py
      hash: md5
      md5: 7a1dfd87b3da37fdd5db51d87b7683cb
      size: 3319
